// !$*UTF8*$!
{
	archiveVersion = 1;
	classes = {
	};
	objectVersion = 51;
	objects = {

/* Begin PBXBuildFile section */
		8CD9EB6EE9ED210A43B48767 /* Pods_Recipes.framework in Frameworks */ = {isa = PBXBuildFile; fileRef = 5B843249C9590FBE1F191E7A /* Pods_Recipes.framework */; };
		C17B812626AF177D00F23AD9 /* .gitignore in Resources */ = {isa = PBXBuildFile; fileRef = C17B812526AF177D00F23AD9 /* .gitignore */; };
		C1C615E726AEDCBD006D3B11 /* AppDelegate.swift in Sources */ = {isa = PBXBuildFile; fileRef = C1C615E626AEDCBD006D3B11 /* AppDelegate.swift */; };
		C1C615E926AEDCBD006D3B11 /* SceneDelegate.swift in Sources */ = {isa = PBXBuildFile; fileRef = C1C615E826AEDCBD006D3B11 /* SceneDelegate.swift */; };
		C1C615EE26AEDCBD006D3B11 /* Main.storyboard in Resources */ = {isa = PBXBuildFile; fileRef = C1C615EC26AEDCBD006D3B11 /* Main.storyboard */; };
		C1C615F026AEDCC0006D3B11 /* Assets.xcassets in Resources */ = {isa = PBXBuildFile; fileRef = C1C615EF26AEDCC0006D3B11 /* Assets.xcassets */; };
		C1C615F326AEDCC0006D3B11 /* LaunchScreen.storyboard in Resources */ = {isa = PBXBuildFile; fileRef = C1C615F126AEDCC0006D3B11 /* LaunchScreen.storyboard */; };
		C1C6160126AEDF47006D3B11 /* Recipe.swift in Sources */ = {isa = PBXBuildFile; fileRef = C1C615FC26AEDF47006D3B11 /* Recipe.swift */; };
		C1C6160226AEDF47006D3B11 /* ImageManager.swift in Sources */ = {isa = PBXBuildFile; fileRef = C1C615FD26AEDF47006D3B11 /* ImageManager.swift */; };
		C1C6160326AEDF47006D3B11 /* StorageManager.swift in Sources */ = {isa = PBXBuildFile; fileRef = C1C615FE26AEDF47006D3B11 /* StorageManager.swift */; };
		C1C6160426AEDF47006D3B11 /* APIManager.swift in Sources */ = {isa = PBXBuildFile; fileRef = C1C615FF26AEDF47006D3B11 /* APIManager.swift */; };
		C1C6160526AEDF47006D3B11 /* NetworkManager.swift in Sources */ = {isa = PBXBuildFile; fileRef = C1C6160026AEDF47006D3B11 /* NetworkManager.swift */; };
		C1C6160C26AEDF80006D3B11 /* FoodCategoriesCollectionVC.swift in Sources */ = {isa = PBXBuildFile; fileRef = C1C6160726AEDF80006D3B11 /* FoodCategoriesCollectionVC.swift */; };
		C1C6160D26AEDF80006D3B11 /* DetailRecipeViewController.swift in Sources */ = {isa = PBXBuildFile; fileRef = C1C6160826AEDF80006D3B11 /* DetailRecipeViewController.swift */; };
		C1C6160E26AEDF80006D3B11 /* FoodCategoryCell.swift in Sources */ = {isa = PBXBuildFile; fileRef = C1C6160926AEDF80006D3B11 /* FoodCategoryCell.swift */; };
		C1C6160F26AEDF80006D3B11 /* FavoriteRecipesTableViewController.swift in Sources */ = {isa = PBXBuildFile; fileRef = C1C6160A26AEDF80006D3B11 /* FavoriteRecipesTableViewController.swift */; };
		C1C6161026AEDF80006D3B11 /* RecipesTableVC.swift in Sources */ = {isa = PBXBuildFile; fileRef = C1C6160B26AEDF80006D3B11 /* RecipesTableVC.swift */; };
/* End PBXBuildFile section */

/* Begin PBXFileReference section */
		5B843249C9590FBE1F191E7A /* Pods_Recipes.framework */ = {isa = PBXFileReference; explicitFileType = wrapper.framework; includeInIndex = 0; path = Pods_Recipes.framework; sourceTree = BUILT_PRODUCTS_DIR; };
		609AE14E5909FB6AC9D500B6 /* Pods-Recipes.debug.xcconfig */ = {isa = PBXFileReference; includeInIndex = 1; lastKnownFileType = text.xcconfig; name = "Pods-Recipes.debug.xcconfig"; path = "Target Support Files/Pods-Recipes/Pods-Recipes.debug.xcconfig"; sourceTree = "<group>"; };
		90512765163E365507C11460 /* Pods-Recipes.release.xcconfig */ = {isa = PBXFileReference; includeInIndex = 1; lastKnownFileType = text.xcconfig; name = "Pods-Recipes.release.xcconfig"; path = "Target Support Files/Pods-Recipes/Pods-Recipes.release.xcconfig"; sourceTree = "<group>"; };
		C17B812526AF177D00F23AD9 /* .gitignore */ = {isa = PBXFileReference; lastKnownFileType = text; path = .gitignore; sourceTree = "<group>"; };
		C1C615E326AEDCBD006D3B11 /* Recipes.app */ = {isa = PBXFileReference; explicitFileType = wrapper.application; includeInIndex = 0; path = Recipes.app; sourceTree = BUILT_PRODUCTS_DIR; };
		C1C615E626AEDCBD006D3B11 /* AppDelegate.swift */ = {isa = PBXFileReference; lastKnownFileType = sourcecode.swift; path = AppDelegate.swift; sourceTree = "<group>"; };
		C1C615E826AEDCBD006D3B11 /* SceneDelegate.swift */ = {isa = PBXFileReference; lastKnownFileType = sourcecode.swift; path = SceneDelegate.swift; sourceTree = "<group>"; };
		C1C615ED26AEDCBD006D3B11 /* Base */ = {isa = PBXFileReference; lastKnownFileType = file.storyboard; name = Base; path = Base.lproj/Main.storyboard; sourceTree = "<group>"; };
		C1C615EF26AEDCC0006D3B11 /* Assets.xcassets */ = {isa = PBXFileReference; lastKnownFileType = folder.assetcatalog; path = Assets.xcassets; sourceTree = "<group>"; };
		C1C615F226AEDCC0006D3B11 /* Base */ = {isa = PBXFileReference; lastKnownFileType = file.storyboard; name = Base; path = Base.lproj/LaunchScreen.storyboard; sourceTree = "<group>"; };
		C1C615F426AEDCC0006D3B11 /* Info.plist */ = {isa = PBXFileReference; lastKnownFileType = text.plist.xml; path = Info.plist; sourceTree = "<group>"; };
		C1C615FC26AEDF47006D3B11 /* Recipe.swift */ = {isa = PBXFileReference; fileEncoding = 4; lastKnownFileType = sourcecode.swift; path = Recipe.swift; sourceTree = "<group>"; };
		C1C615FD26AEDF47006D3B11 /* ImageManager.swift */ = {isa = PBXFileReference; fileEncoding = 4; lastKnownFileType = sourcecode.swift; path = ImageManager.swift; sourceTree = "<group>"; };
		C1C615FE26AEDF47006D3B11 /* StorageManager.swift */ = {isa = PBXFileReference; fileEncoding = 4; lastKnownFileType = sourcecode.swift; path = StorageManager.swift; sourceTree = "<group>"; };
		C1C615FF26AEDF47006D3B11 /* APIManager.swift */ = {isa = PBXFileReference; fileEncoding = 4; lastKnownFileType = sourcecode.swift; path = APIManager.swift; sourceTree = "<group>"; };
		C1C6160026AEDF47006D3B11 /* NetworkManager.swift */ = {isa = PBXFileReference; fileEncoding = 4; lastKnownFileType = sourcecode.swift; path = NetworkManager.swift; sourceTree = "<group>"; };
		C1C6160726AEDF80006D3B11 /* FoodCategoriesCollectionVC.swift */ = {isa = PBXFileReference; fileEncoding = 4; lastKnownFileType = sourcecode.swift; path = FoodCategoriesCollectionVC.swift; sourceTree = "<group>"; };
		C1C6160826AEDF80006D3B11 /* DetailRecipeViewController.swift */ = {isa = PBXFileReference; fileEncoding = 4; lastKnownFileType = sourcecode.swift; path = DetailRecipeViewController.swift; sourceTree = "<group>"; };
		C1C6160926AEDF80006D3B11 /* FoodCategoryCell.swift */ = {isa = PBXFileReference; fileEncoding = 4; lastKnownFileType = sourcecode.swift; path = FoodCategoryCell.swift; sourceTree = "<group>"; };
		C1C6160A26AEDF80006D3B11 /* FavoriteRecipesTableViewController.swift */ = {isa = PBXFileReference; fileEncoding = 4; lastKnownFileType = sourcecode.swift; path = FavoriteRecipesTableViewController.swift; sourceTree = "<group>"; };
		C1C6160B26AEDF80006D3B11 /* RecipesTableVC.swift */ = {isa = PBXFileReference; fileEncoding = 4; lastKnownFileType = sourcecode.swift; path = RecipesTableVC.swift; sourceTree = "<group>"; };
/* End PBXFileReference section */

/* Begin PBXFrameworksBuildPhase section */
		C1C615E026AEDCBD006D3B11 /* Frameworks */ = {
			isa = PBXFrameworksBuildPhase;
			buildActionMask = 2147483647;
			files = (
				8CD9EB6EE9ED210A43B48767 /* Pods_Recipes.framework in Frameworks */,
			);
			runOnlyForDeploymentPostprocessing = 0;
		};
/* End PBXFrameworksBuildPhase section */

/* Begin PBXGroup section */
		8A0A6D3C8913DE4337BC60A2 /* Frameworks */ = {
			isa = PBXGroup;
			children = (
				5B843249C9590FBE1F191E7A /* Pods_Recipes.framework */,
			);
			name = Frameworks;
			sourceTree = "<group>";
		};
		AA3032A39D97EB7B6D137014 /* Pods */ = {
			isa = PBXGroup;
			children = (
				609AE14E5909FB6AC9D500B6 /* Pods-Recipes.debug.xcconfig */,
				90512765163E365507C11460 /* Pods-Recipes.release.xcconfig */,
			);
			path = Pods;
			sourceTree = "<group>";
		};
		C1C615DA26AEDCBD006D3B11 = {
			isa = PBXGroup;
			children = (
				C17B812526AF177D00F23AD9 /* .gitignore */,
				C1C615E526AEDCBD006D3B11 /* Recipes */,
				C1C615E426AEDCBD006D3B11 /* Products */,
				AA3032A39D97EB7B6D137014 /* Pods */,
				8A0A6D3C8913DE4337BC60A2 /* Frameworks */,
			);
			sourceTree = "<group>";
		};
		C1C615E426AEDCBD006D3B11 /* Products */ = {
			isa = PBXGroup;
			children = (
				C1C615E326AEDCBD006D3B11 /* Recipes.app */,
			);
			name = Products;
			sourceTree = "<group>";
		};
		C1C615E526AEDCBD006D3B11 /* Recipes */ = {
			isa = PBXGroup;
			children = (
				C1C6161226AEDFA4006D3B11 /* Supporting */,
				C1C6161826AEE10A006D3B11 /* Managers */,
				C1C6161526AEDFFB006D3B11 /* ViewControllers */,
				C1C6161B26AEE11E006D3B11 /* Models */,
				C1C6161C26AEE136006D3B11 /* Storyboards */,
				C1C6161D26AEE148006D3B11 /* Resources */,
			);
			path = Recipes;
			sourceTree = "<group>";
		};
		C1C6161226AEDFA4006D3B11 /* Supporting */ = {
			isa = PBXGroup;
			children = (
				C1C615E626AEDCBD006D3B11 /* AppDelegate.swift */,
				C1C615E826AEDCBD006D3B11 /* SceneDelegate.swift */,
				C1C615F426AEDCC0006D3B11 /* Info.plist */,
			);
			path = Supporting;
			sourceTree = "<group>";
		};
		C1C6161526AEDFFB006D3B11 /* ViewControllers */ = {
			isa = PBXGroup;
			children = (
				C1C6160726AEDF80006D3B11 /* FoodCategoriesCollectionVC.swift */,
				C1C6160926AEDF80006D3B11 /* FoodCategoryCell.swift */,
				C1C6160B26AEDF80006D3B11 /* RecipesTableVC.swift */,
				C1C6160A26AEDF80006D3B11 /* FavoriteRecipesTableViewController.swift */,
				C1C6160826AEDF80006D3B11 /* DetailRecipeViewController.swift */,
			);
			path = ViewControllers;
			sourceTree = "<group>";
		};
		C1C6161826AEE10A006D3B11 /* Managers */ = {
			isa = PBXGroup;
			children = (
				C1C615FF26AEDF47006D3B11 /* APIManager.swift */,
				C1C615FD26AEDF47006D3B11 /* ImageManager.swift */,
				C1C6160026AEDF47006D3B11 /* NetworkManager.swift */,
				C1C615FE26AEDF47006D3B11 /* StorageManager.swift */,
			);
			path = Managers;
			sourceTree = "<group>";
		};
		C1C6161B26AEE11E006D3B11 /* Models */ = {
			isa = PBXGroup;
			children = (
				C1C615FC26AEDF47006D3B11 /* Recipe.swift */,
			);
			path = Models;
			sourceTree = "<group>";
		};
		C1C6161C26AEE136006D3B11 /* Storyboards */ = {
			isa = PBXGroup;
			children = (
				C1C615EC26AEDCBD006D3B11 /* Main.storyboard */,
				C1C615F126AEDCC0006D3B11 /* LaunchScreen.storyboard */,
			);
			path = Storyboards;
			sourceTree = "<group>";
		};
		C1C6161D26AEE148006D3B11 /* Resources */ = {
			isa = PBXGroup;
			children = (
				C1C615EF26AEDCC0006D3B11 /* Assets.xcassets */,
			);
			path = Resources;
			sourceTree = "<group>";
		};
/* End PBXGroup section */

/* Begin PBXNativeTarget section */
		C1C615E226AEDCBD006D3B11 /* Recipes */ = {
			isa = PBXNativeTarget;
			buildConfigurationList = C1C615F726AEDCC0006D3B11 /* Build configuration list for PBXNativeTarget "Recipes" */;
			buildPhases = (
				334D74EDE1080CC3E8A77472 /* [CP] Check Pods Manifest.lock */,
				C1C615DF26AEDCBD006D3B11 /* Sources */,
				C1C615E026AEDCBD006D3B11 /* Frameworks */,
				C1C615E126AEDCBD006D3B11 /* Resources */,
				DBB8005DF62B7ED2250D77EB /* [CP] Embed Pods Frameworks */,
			);
			buildRules = (
			);
			dependencies = (
			);
			name = Recipes;
			productName = Recipes;
			productReference = C1C615E326AEDCBD006D3B11 /* Recipes.app */;
			productType = "com.apple.product-type.application";
		};
/* End PBXNativeTarget section */

/* Begin PBXProject section */
		C1C615DB26AEDCBD006D3B11 /* Project object */ = {
			isa = PBXProject;
			attributes = {
				LastSwiftUpdateCheck = 1240;
				LastUpgradeCheck = 1240;
				TargetAttributes = {
					C1C615E226AEDCBD006D3B11 = {
						CreatedOnToolsVersion = 12.4;
					};
				};
			};
			buildConfigurationList = C1C615DE26AEDCBD006D3B11 /* Build configuration list for PBXProject "Recipes" */;
			compatibilityVersion = "Xcode 9.3";
			developmentRegion = en;
			hasScannedForEncodings = 0;
			knownRegions = (
				en,
				Base,
			);
			mainGroup = C1C615DA26AEDCBD006D3B11;
			productRefGroup = C1C615E426AEDCBD006D3B11 /* Products */;
			projectDirPath = "";
			projectRoot = "";
			targets = (
				C1C615E226AEDCBD006D3B11 /* Recipes */,
			);
		};
/* End PBXProject section */

/* Begin PBXResourcesBuildPhase section */
		C1C615E126AEDCBD006D3B11 /* Resources */ = {
			isa = PBXResourcesBuildPhase;
			buildActionMask = 2147483647;
			files = (
				C17B812626AF177D00F23AD9 /* .gitignore in Resources */,
				C1C615F326AEDCC0006D3B11 /* LaunchScreen.storyboard in Resources */,
				C1C615F026AEDCC0006D3B11 /* Assets.xcassets in Resources */,
				C1C615EE26AEDCBD006D3B11 /* Main.storyboard in Resources */,
			);
			runOnlyForDeploymentPostprocessing = 0;
		};
/* End PBXResourcesBuildPhase section */

/* Begin PBXShellScriptBuildPhase section */
		334D74EDE1080CC3E8A77472 /* [CP] Check Pods Manifest.lock */ = {
			isa = PBXShellScriptBuildPhase;
			buildActionMask = 2147483647;
			files = (
			);
			inputFileListPaths = (
			);
			inputPaths = (
				"${PODS_PODFILE_DIR_PATH}/Podfile.lock",
				"${PODS_ROOT}/Manifest.lock",
			);
			name = "[CP] Check Pods Manifest.lock";
			outputFileListPaths = (
			);
			outputPaths = (
				"$(DERIVED_FILE_DIR)/Pods-Recipes-checkManifestLockResult.txt",
			);
			runOnlyForDeploymentPostprocessing = 0;
			shellPath = /bin/sh;
			shellScript = "diff \"${PODS_PODFILE_DIR_PATH}/Podfile.lock\" \"${PODS_ROOT}/Manifest.lock\" > /dev/null\nif [ $? != 0 ] ; then\n    # print error to STDERR\n    echo \"error: The sandbox is not in sync with the Podfile.lock. Run 'pod install' or update your CocoaPods installation.\" >&2\n    exit 1\nfi\n# This output is used by Xcode 'outputs' to avoid re-running this script phase.\necho \"SUCCESS\" > \"${SCRIPT_OUTPUT_FILE_0}\"\n";
			showEnvVarsInLog = 0;
		};
		DBB8005DF62B7ED2250D77EB /* [CP] Embed Pods Frameworks */ = {
			isa = PBXShellScriptBuildPhase;
			buildActionMask = 2147483647;
			files = (
			);
			inputFileListPaths = (
				"${PODS_ROOT}/Target Support Files/Pods-Recipes/Pods-Recipes-frameworks-${CONFIGURATION}-input-files.xcfilelist",
			);
			name = "[CP] Embed Pods Frameworks";
			outputFileListPaths = (
				"${PODS_ROOT}/Target Support Files/Pods-Recipes/Pods-Recipes-frameworks-${CONFIGURATION}-output-files.xcfilelist",
			);
			runOnlyForDeploymentPostprocessing = 0;
			shellPath = /bin/sh;
			shellScript = "\"${PODS_ROOT}/Target Support Files/Pods-Recipes/Pods-Recipes-frameworks.sh\"\n";
			showEnvVarsInLog = 0;
		};
/* End PBXShellScriptBuildPhase section */

/* Begin PBXSourcesBuildPhase section */
		C1C615DF26AEDCBD006D3B11 /* Sources */ = {
			isa = PBXSourcesBuildPhase;
			buildActionMask = 2147483647;
			files = (
				C1C6160426AEDF47006D3B11 /* APIManager.swift in Sources */,
				C1C6160E26AEDF80006D3B11 /* FoodCategoryCell.swift in Sources */,
				C1C6160126AEDF47006D3B11 /* Recipe.swift in Sources */,
				C1C6161026AEDF80006D3B11 /* RecipesTableVC.swift in Sources */,
				C1C615E726AEDCBD006D3B11 /* AppDelegate.swift in Sources */,
				C1C6160526AEDF47006D3B11 /* NetworkManager.swift in Sources */,
				C1C6160C26AEDF80006D3B11 /* FoodCategoriesCollectionVC.swift in Sources */,
				C1C6160326AEDF47006D3B11 /* StorageManager.swift in Sources */,
				C1C6160F26AEDF80006D3B11 /* FavoriteRecipesTableViewController.swift in Sources */,
				C1C6160D26AEDF80006D3B11 /* DetailRecipeViewController.swift in Sources */,
				C1C615E926AEDCBD006D3B11 /* SceneDelegate.swift in Sources */,
				C1C6160226AEDF47006D3B11 /* ImageManager.swift in Sources */,
			);
			runOnlyForDeploymentPostprocessing = 0;
		};
/* End PBXSourcesBuildPhase section */

/* Begin PBXVariantGroup section */
		C1C615EC26AEDCBD006D3B11 /* Main.storyboard */ = {
			isa = PBXVariantGroup;
			children = (
				C1C615ED26AEDCBD006D3B11 /* Base */,
			);
			name = Main.storyboard;
			sourceTree = "<group>";
		};
		C1C615F126AEDCC0006D3B11 /* LaunchScreen.storyboard */ = {
			isa = PBXVariantGroup;
			children = (
				C1C615F226AEDCC0006D3B11 /* Base */,
			);
			name = LaunchScreen.storyboard;
			sourceTree = "<group>";
		};
/* End PBXVariantGroup section */

/* Begin XCBuildConfiguration section */
		C1C615F526AEDCC0006D3B11 /* Debug */ = {
			isa = XCBuildConfiguration;
			buildSettings = {
				ALWAYS_SEARCH_USER_PATHS = NO;
				CLANG_ANALYZER_NONNULL = YES;
				CLANG_ANALYZER_NUMBER_OBJECT_CONVERSION = YES_AGGRESSIVE;
				CLANG_CXX_LANGUAGE_STANDARD = "gnu++14";
				CLANG_CXX_LIBRARY = "libc++";
				CLANG_ENABLE_MODULES = YES;
				CLANG_ENABLE_OBJC_ARC = YES;
				CLANG_ENABLE_OBJC_WEAK = YES;
				CLANG_WARN_BLOCK_CAPTURE_AUTORELEASING = YES;
				CLANG_WARN_BOOL_CONVERSION = YES;
				CLANG_WARN_COMMA = YES;
				CLANG_WARN_CONSTANT_CONVERSION = YES;
				CLANG_WARN_DEPRECATED_OBJC_IMPLEMENTATIONS = YES;
				CLANG_WARN_DIRECT_OBJC_ISA_USAGE = YES_ERROR;
				CLANG_WARN_DOCUMENTATION_COMMENTS = YES;
				CLANG_WARN_EMPTY_BODY = YES;
				CLANG_WARN_ENUM_CONVERSION = YES;
				CLANG_WARN_INFINITE_RECURSION = YES;
				CLANG_WARN_INT_CONVERSION = YES;
				CLANG_WARN_NON_LITERAL_NULL_CONVERSION = YES;
				CLANG_WARN_OBJC_IMPLICIT_RETAIN_SELF = YES;
				CLANG_WARN_OBJC_LITERAL_CONVERSION = YES;
				CLANG_WARN_OBJC_ROOT_CLASS = YES_ERROR;
				CLANG_WARN_QUOTED_INCLUDE_IN_FRAMEWORK_HEADER = YES;
				CLANG_WARN_RANGE_LOOP_ANALYSIS = YES;
				CLANG_WARN_STRICT_PROTOTYPES = YES;
				CLANG_WARN_SUSPICIOUS_MOVE = YES;
				CLANG_WARN_UNGUARDED_AVAILABILITY = YES_AGGRESSIVE;
				CLANG_WARN_UNREACHABLE_CODE = YES;
				CLANG_WARN__DUPLICATE_METHOD_MATCH = YES;
				COPY_PHASE_STRIP = NO;
				DEBUG_INFORMATION_FORMAT = dwarf;
				ENABLE_STRICT_OBJC_MSGSEND = YES;
				ENABLE_TESTABILITY = YES;
				GCC_C_LANGUAGE_STANDARD = gnu11;
				GCC_DYNAMIC_NO_PIC = NO;
				GCC_NO_COMMON_BLOCKS = YES;
				GCC_OPTIMIZATION_LEVEL = 0;
				GCC_PREPROCESSOR_DEFINITIONS = (
					"DEBUG=1",
					"$(inherited)",
				);
				GCC_WARN_64_TO_32_BIT_CONVERSION = YES;
				GCC_WARN_ABOUT_RETURN_TYPE = YES_ERROR;
				GCC_WARN_UNDECLARED_SELECTOR = YES;
				GCC_WARN_UNINITIALIZED_AUTOS = YES_AGGRESSIVE;
				GCC_WARN_UNUSED_FUNCTION = YES;
				GCC_WARN_UNUSED_VARIABLE = YES;
				IPHONEOS_DEPLOYMENT_TARGET = 14.4;
				MTL_ENABLE_DEBUG_INFO = INCLUDE_SOURCE;
				MTL_FAST_MATH = YES;
				ONLY_ACTIVE_ARCH = YES;
				SDKROOT = iphoneos;
				SWIFT_ACTIVE_COMPILATION_CONDITIONS = DEBUG;
				SWIFT_OPTIMIZATION_LEVEL = "-Onone";
			};
			name = Debug;
		};
		C1C615F626AEDCC0006D3B11 /* Release */ = {
			isa = XCBuildConfiguration;
			buildSettings = {
				ALWAYS_SEARCH_USER_PATHS = NO;
				CLANG_ANALYZER_NONNULL = YES;
				CLANG_ANALYZER_NUMBER_OBJECT_CONVERSION = YES_AGGRESSIVE;
				CLANG_CXX_LANGUAGE_STANDARD = "gnu++14";
				CLANG_CXX_LIBRARY = "libc++";
				CLANG_ENABLE_MODULES = YES;
				CLANG_ENABLE_OBJC_ARC = YES;
				CLANG_ENABLE_OBJC_WEAK = YES;
				CLANG_WARN_BLOCK_CAPTURE_AUTORELEASING = YES;
				CLANG_WARN_BOOL_CONVERSION = YES;
				CLANG_WARN_COMMA = YES;
				CLANG_WARN_CONSTANT_CONVERSION = YES;
				CLANG_WARN_DEPRECATED_OBJC_IMPLEMENTATIONS = YES;
				CLANG_WARN_DIRECT_OBJC_ISA_USAGE = YES_ERROR;
				CLANG_WARN_DOCUMENTATION_COMMENTS = YES;
				CLANG_WARN_EMPTY_BODY = YES;
				CLANG_WARN_ENUM_CONVERSION = YES;
				CLANG_WARN_INFINITE_RECURSION = YES;
				CLANG_WARN_INT_CONVERSION = YES;
				CLANG_WARN_NON_LITERAL_NULL_CONVERSION = YES;
				CLANG_WARN_OBJC_IMPLICIT_RETAIN_SELF = YES;
				CLANG_WARN_OBJC_LITERAL_CONVERSION = YES;
				CLANG_WARN_OBJC_ROOT_CLASS = YES_ERROR;
				CLANG_WARN_QUOTED_INCLUDE_IN_FRAMEWORK_HEADER = YES;
				CLANG_WARN_RANGE_LOOP_ANALYSIS = YES;
				CLANG_WARN_STRICT_PROTOTYPES = YES;
				CLANG_WARN_SUSPICIOUS_MOVE = YES;
				CLANG_WARN_UNGUARDED_AVAILABILITY = YES_AGGRESSIVE;
				CLANG_WARN_UNREACHABLE_CODE = YES;
				CLANG_WARN__DUPLICATE_METHOD_MATCH = YES;
				COPY_PHASE_STRIP = NO;
				DEBUG_INFORMATION_FORMAT = "dwarf-with-dsym";
				ENABLE_NS_ASSERTIONS = NO;
				ENABLE_STRICT_OBJC_MSGSEND = YES;
				GCC_C_LANGUAGE_STANDARD = gnu11;
				GCC_NO_COMMON_BLOCKS = YES;
				GCC_WARN_64_TO_32_BIT_CONVERSION = YES;
				GCC_WARN_ABOUT_RETURN_TYPE = YES_ERROR;
				GCC_WARN_UNDECLARED_SELECTOR = YES;
				GCC_WARN_UNINITIALIZED_AUTOS = YES_AGGRESSIVE;
				GCC_WARN_UNUSED_FUNCTION = YES;
				GCC_WARN_UNUSED_VARIABLE = YES;
				IPHONEOS_DEPLOYMENT_TARGET = 14.4;
				MTL_ENABLE_DEBUG_INFO = NO;
				MTL_FAST_MATH = YES;
				SDKROOT = iphoneos;
				SWIFT_COMPILATION_MODE = wholemodule;
				SWIFT_OPTIMIZATION_LEVEL = "-O";
				VALIDATE_PRODUCT = YES;
			};
			name = Release;
		};
		C1C615F826AEDCC0006D3B11 /* Debug */ = {
			isa = XCBuildConfiguration;
			baseConfigurationReference = 609AE14E5909FB6AC9D500B6 /* Pods-Recipes.debug.xcconfig */;
			buildSettings = {
				ASSETCATALOG_COMPILER_APPICON_NAME = AppIcon;
				ASSETCATALOG_COMPILER_GLOBAL_ACCENT_COLOR_NAME = AccentColor;
				CODE_SIGN_STYLE = Automatic;
				DEVELOPMENT_TEAM = 7625BBDFN3;
				INFOPLIST_FILE = Recipes/Supporting/Info.plist;
				LD_RUNPATH_SEARCH_PATHS = (
					"$(inherited)",
					"@executable_path/Frameworks",
				);
				PRODUCT_BUNDLE_IDENTIFIER = LuzyaninaNP.Recipes;
				PRODUCT_NAME = "$(TARGET_NAME)";
				SWIFT_VERSION = 5.0;
				TARGETED_DEVICE_FAMILY = "1,2";
			};
			name = Debug;
		};
		C1C615F926AEDCC0006D3B11 /* Release */ = {
			isa = XCBuildConfiguration;
			baseConfigurationReference = 90512765163E365507C11460 /* Pods-Recipes.release.xcconfig */;
			buildSettings = {
				ASSETCATALOG_COMPILER_APPICON_NAME = AppIcon;
				ASSETCATALOG_COMPILER_GLOBAL_ACCENT_COLOR_NAME = AccentColor;
				CODE_SIGN_STYLE = Automatic;
				DEVELOPMENT_TEAM = 7625BBDFN3;
				INFOPLIST_FILE = Recipes/Supporting/Info.plist;
				LD_RUNPATH_SEARCH_PATHS = (
					"$(inherited)",
					"@executable_path/Frameworks",
				);
				PRODUCT_BUNDLE_IDENTIFIER = LuzyaninaNP.Recipes;
				PRODUCT_NAME = "$(TARGET_NAME)";
				SWIFT_VERSION = 5.0;
				TARGETED_DEVICE_FAMILY = "1,2";
			};
			name = Release;
		};
/* End XCBuildConfiguration section */

/* Begin XCConfigurationList section */
		C1C615DE26AEDCBD006D3B11 /* Build configuration list for PBXProject "Recipes" */ = {
			isa = XCConfigurationList;
			buildConfigurations = (
				C1C615F526AEDCC0006D3B11 /* Debug */,
				C1C615F626AEDCC0006D3B11 /* Release */,
			);
			defaultConfigurationIsVisible = 0;
			defaultConfigurationName = Release;
		};
		C1C615F726AEDCC0006D3B11 /* Build configuration list for PBXNativeTarget "Recipes" */ = {
			isa = XCConfigurationList;
			buildConfigurations = (
				C1C615F826AEDCC0006D3B11 /* Debug */,
				C1C615F926AEDCC0006D3B11 /* Release */,
			);
			defaultConfigurationIsVisible = 0;
			defaultConfigurationName = Release;
		};
/* End XCConfigurationList section */
	};
	rootObject = C1C615DB26AEDCBD006D3B11 /* Project object */;
}
